<?xml version="1.0" encoding="utf-8"?>
<Project ToolsVersion="4.0" xmlns="http://schemas.microsoft.com/developer/msbuild/2003">
  <ItemGroup>
    <Filter Include="源文件">
      <UniqueIdentifier>{4FC737F1-C7A5-4376-A066-2A32D752A2FF}</UniqueIdentifier>
      <Extensions>cpp;c;cc;cxx;def;odl;idl;hpj;bat;asm;asmx</Extensions>
    </Filter>
    <Filter Include="头文件">
      <UniqueIdentifier>{93995380-89BD-4b04-88EB-625FBE52EBFB}</UniqueIdentifier>
      <Extensions>h;hh;hpp;hxx;hm;inl;inc;xsd</Extensions>
    </Filter>
    <Filter Include="Public">
      <UniqueIdentifier>{3641995e-1a77-403d-a0f1-f2ee4c16204d}</UniqueIdentifier>
    </Filter>
    <Filter Include="RemoteHook">
      <UniqueIdentifier>{b3f77651-e061-49dc-b8f7-272828fd78a0}</UniqueIdentifier>
    </Filter>
    <Filter Include="DriverShared">
      <UniqueIdentifier>{d28055ad-0f22-455b-9ee3-920d474dd630}</UniqueIdentifier>
    </Filter>
    <Filter Include="DriverShared\Rtl">
      <UniqueIdentifier>{ca439cfa-56ad-456a-b481-b68b23edbda3}</UniqueIdentifier>
    </Filter>
    <Filter Include="DriverShared\ASM">
      <UniqueIdentifier>{785c7237-24f9-4cdf-8419-25ed093a112c}</UniqueIdentifier>
    </Filter>
    <Filter Include="LocalHook">
      <UniqueIdentifier>{f4644ba7-af8c-426d-a4bb-3dff318d2f91}</UniqueIdentifier>
    </Filter>
    <Filter Include="DriverShared\udis86">
      <UniqueIdentifier>{24e4dfb0-ceb7-4c7d-9071-91d0fa9a318d}</UniqueIdentifier>
    </Filter>
    <Filter Include="DriverShared\udis86\libudis86">
      <UniqueIdentifier>{b30efbc3-9c0e-440a-86c6-9d6cd3c7ba57}</UniqueIdentifier>
    </Filter>
  </ItemGroup>
  <ItemGroup>
    <Text Include="ReadMe.txt" />
  </ItemGroup>
  <ItemGroup>
    <ClCompile Include="..\DriverShared\Rtl\Error.c">
      <Filter>DriverShared\Rtl</Filter>
    </ClCompile>
    <ClCompile Include="..\DriverShared\Rtl\Memory.c">
      <Filter>DriverShared\Rtl</Filter>
    </ClCompile>
    <ClCompile Include="..\DriverShared\Rtl\File.c">
      <Filter>DriverShared\Rtl</Filter>
    </ClCompile>
    <ClCompile Include="dllmain.c">
      <Filter>源文件</Filter>
    </ClCompile>
    <ClCompile Include="..\DriverShared\Rtl\String.c">
      <Filter>DriverShared\Rtl</Filter>
    </ClCompile>
    <ClCompile Include="RemoteHook\Entry.cpp">
      <Filter>RemoteHook</Filter>
    </ClCompile>
    <ClCompile Include="RemoteHook\Stealth.c">
      <Filter>RemoteHook</Filter>
    </ClCompile>
    <ClCompile Include="RemoteHook\Thread.c">
      <Filter>RemoteHook</Filter>
    </ClCompile>
    <ClCompile Include="LocalHook\Alloc.c">
      <Filter>LocalHook</Filter>
    </ClCompile>
    <ClCompile Include="LocalHook\Install.c">
      <Filter>LocalHook</Filter>
    </ClCompile>
    <ClCompile Include="LocalHook\Reloc.c">
      <Filter>LocalHook</Filter>
    </ClCompile>
    <ClCompile Include="..\DriverShared\udis86\libudis86\decode.c">
      <Filter>DriverShared\udis86\libudis86</Filter>
    </ClCompile>
    <ClCompile Include="..\DriverShared\udis86\libudis86\itab.c">
      <Filter>DriverShared\udis86\libudis86</Filter>
    </ClCompile>
    <ClCompile Include="..\DriverShared\udis86\libudis86\syn.c">
      <Filter>DriverShared\udis86\libudis86</Filter>
    </ClCompile>
    <ClCompile Include="..\DriverShared\udis86\libudis86\syn-att.c">
      <Filter>DriverShared\udis86\libudis86</Filter>
    </ClCompile>
    <ClCompile Include="..\DriverShared\udis86\libudis86\syn-intel.c">
      <Filter>DriverShared\udis86\libudis86</Filter>
    </ClCompile>
    <ClCompile Include="..\DriverShared\udis86\libudis86\udis86.c">
      <Filter>DriverShared\udis86\libudis86</Filter>
    </ClCompile>
  </ItemGroup>
  <ItemGroup>
    <ClInclude Include="..\Public\EasyHook.h">
      <Filter>Public</Filter>
    </ClInclude>
    <ClInclude Include="common.h">
      <Filter>头文件</Filter>
    </ClInclude>
    <ClInclude Include="..\DriverShared\DriverShared.h">
      <Filter>DriverShared</Filter>
    </ClInclude>
    <ClInclude Include="..\DriverShared\Rtl\Rtl.h">
      <Filter>DriverShared\Rtl</Filter>
    </ClInclude>
    <ClInclude Include="..\DriverShared\udis86\udis86.h">
      <Filter>DriverShared\udis86</Filter>
    </ClInclude>
  </ItemGroup>
  <ItemGroup>
    <MASM Include="..\DriverShared\ASM\HookEntry_x64.asm">
      <Filter>DriverShared\ASM</Filter>
    </MASM>
    <MASM Include="..\DriverShared\ASM\HookEntry_x86.asm">
      <Filter>DriverShared\ASM</Filter>
    </MASM>
  </ItemGroup>
</Project>